
Microsoft Visual Studio Solution File, Format Version 12.00
# Visual Studio Version 17
VisualStudioVersion = 17.3.32819.101
MinimumVisualStudioVersion = 10.0.40219.1
Project("{FAE04EC0-301F-11D3-BF4B-00C04F79EFBC}") = "Blazor_ECommerce.Server", "Blazor_ECommerce\Server\Blazor_ECommerce.Server.csproj", "{02294153-846D-4CFE-B686-BB6854BD1E1D}"
EndProject
Project("{FAE04EC0-301F-11D3-BF4B-00C04F79EFBC}") = "Blazor_ECommerce.Client", "Blazor_ECommerce\Client\Blazor_ECommerce.Client.csproj", "{5304A122-1A28-43B2-AFC0-1C89A6060192}"
EndProject
Project("{FAE04EC0-301F-11D3-BF4B-00C04F79EFBC}") = "Blazor_ECommerce.Shared", "Blazor_ECommerce\Shared\Blazor_ECommerce.Shared.csproj", "{C7DA37B6-E0F5-46D1-A279-C4FEAE2D0D67}"
EndProject
Global
	GlobalSection(SolutionConfigurationPlatforms) = preSolution
		Debug|Any CPU = Debug|Any CPU
		Release|Any CPU = Release|Any CPU
	EndGlobalSection
	GlobalSection(ProjectConfigurationPlatforms) = postSolution
		{02294153-846D-4CFE-B686-BB6854BD1E1D}.Debug|Any CPU.ActiveCfg = Debug|Any CPU
		{02294153-846D-4CFE-B686-BB6854BD1E1D}.Debug|Any CPU.Build.0 = Debug|Any CPU
		{02294153-846D-4CFE-B686-BB6854BD1E1D}.Release|Any CPU.ActiveCfg = Release|Any CPU
		{02294153-846D-4CFE-B686-BB6854BD1E1D}.Release|Any CPU.Build.0 = Release|Any CPU
		{5304A122-1A28-43B2-AFC0-1C89A6060192}.Debug|Any CPU.ActiveCfg = Debug|Any CPU
		{5304A122-1A28-43B2-AFC0-1C89A6060192}.Debug|Any CPU.Build.0 = Debug|Any CPU
		{5304A122-1A28-43B2-AFC0-1C89A6060192}.Release|Any CPU.ActiveCfg = Release|Any CPU
		{5304A122-1A28-43B2-AFC0-1C89A6060192}.Release|Any CPU.Build.0 = Release|Any CPU
		{C7DA37B6-E0F5-46D1-A279-C4FEAE2D0D67}.Debug|Any CPU.ActiveCfg = Debug|Any CPU
		{C7DA37B6-E0F5-46D1-A279-C4FEAE2D0D67}.Debug|Any CPU.Build.0 = Debug|Any CPU
		{C7DA37B6-E0F5-46D1-A279-C4FEAE2D0D67}.Release|Any CPU.ActiveCfg = Release|Any CPU
		{C7DA37B6-E0F5-46D1-A279-C4FEAE2D0D67}.Release|Any CPU.Build.0 = Release|Any CPU
	EndGlobalSection
	GlobalSection(SolutionProperties) = preSolution
		HideSolutionNode = FALSE
	EndGlobalSection
	GlobalSection(ExtensibilityGlobals) = postSolution
		SolutionGuid = {15E8C5D4-9681-4D9A-BBCF-C7C86C0A223E}
	EndGlobalSection
EndGlobal
